// !$*UTF8*$!
{
	archiveVersion = 1;
	classes = {
	};
	objectVersion = 46;
	objects = {

/* Begin PBXBuildFile section */
		B0F5F0491DD3B26E0092F0AD /* main.m in Sources */ = {isa = PBXBuildFile; fileRef = B0F5F0481DD3B26E0092F0AD /* main.m */; };
		B0F5F04C1DD3B26E0092F0AD /* AppDelegate.m in Sources */ = {isa = PBXBuildFile; fileRef = B0F5F04B1DD3B26E0092F0AD /* AppDelegate.m */; };
		B0F5F04F1DD3B26E0092F0AD /* ViewController.m in Sources */ = {isa = PBXBuildFile; fileRef = B0F5F04E1DD3B26E0092F0AD /* ViewController.m */; };
		B0F5F0521DD3B26E0092F0AD /* Main.storyboard in Resources */ = {isa = PBXBuildFile; fileRef = B0F5F0501DD3B26E0092F0AD /* Main.storyboard */; };
		B0F5F0541DD3B26E0092F0AD /* Assets.xcassets in Resources */ = {isa = PBXBuildFile; fileRef = B0F5F0531DD3B26E0092F0AD /* Assets.xcassets */; };
		B0F5F0571DD3B26E0092F0AD /* LaunchScreen.storyboard in Resources */ = {isa = PBXBuildFile; fileRef = B0F5F0551DD3B26E0092F0AD /* LaunchScreen.storyboard */; };
		B0F5F0641DD3B5FA0092F0AD /* City.m in Sources */ = {isa = PBXBuildFile; fileRef = B0F5F0631DD3B5FA0092F0AD /* City.m */; };
		B0F5F0B31DD3D2410092F0AD /* CityViewController.m in Sources */ = {isa = PBXBuildFile; fileRef = B0F5F0B21DD3D2410092F0AD /* CityViewController.m */; };
		B0F5F0B61DD3ECE30092F0AD /* DescriptionLabel.m in Sources */ = {isa = PBXBuildFile; fileRef = B0F5F0B51DD3ECE30092F0AD /* DescriptionLabel.m */; };
/* End PBXBuildFile section */

/* Begin PBXFileReference section */
		B0F5F0441DD3B26E0092F0AD /* WeatherApp.app */ = {isa = PBXFileReference; explicitFileType = wrapper.application; includeInIndex = 0; path = WeatherApp.app; sourceTree = BUILT_PRODUCTS_DIR; };
		B0F5F0481DD3B26E0092F0AD /* main.m */ = {isa = PBXFileReference; lastKnownFileType = sourcecode.c.objc; path = main.m; sourceTree = "<group>"; };
		B0F5F04A1DD3B26E0092F0AD /* AppDelegate.h */ = {isa = PBXFileReference; lastKnownFileType = sourcecode.c.h; path = AppDelegate.h; sourceTree = "<group>"; };
		B0F5F04B1DD3B26E0092F0AD /* AppDelegate.m */ = {isa = PBXFileReference; lastKnownFileType = sourcecode.c.objc; path = AppDelegate.m; sourceTree = "<group>"; };
		B0F5F04D1DD3B26E0092F0AD /* ViewController.h */ = {isa = PBXFileReference; lastKnownFileType = sourcecode.c.h; path = ViewController.h; sourceTree = "<group>"; };
		B0F5F04E1DD3B26E0092F0AD /* ViewController.m */ = {isa = PBXFileReference; lastKnownFileType = sourcecode.c.objc; path = ViewController.m; sourceTree = "<group>"; };
		B0F5F0511DD3B26E0092F0AD /* Base */ = {isa = PBXFileReference; lastKnownFileType = file.storyboard; name = Base; path = Base.lproj/Main.storyboard; sourceTree = "<group>"; };
		B0F5F0531DD3B26E0092F0AD /* Assets.xcassets */ = {isa = PBXFileReference; lastKnownFileType = folder.assetcatalog; path = Assets.xcassets; sourceTree = "<group>"; };
		B0F5F0561DD3B26E0092F0AD /* Base */ = {isa = PBXFileReference; lastKnownFileType = file.storyboard; name = Base; path = Base.lproj/LaunchScreen.storyboard; sourceTree = "<group>"; };
		B0F5F0581DD3B26E0092F0AD /* Info.plist */ = {isa = PBXFileReference; lastKnownFileType = text.plist.xml; path = Info.plist; sourceTree = "<group>"; };
		B0F5F0621DD3B5FA0092F0AD /* City.h */ = {isa = PBXFileReference; fileEncoding = 4; lastKnownFileType = sourcecode.c.h; path = City.h; sourceTree = "<group>"; };
		B0F5F0631DD3B5FA0092F0AD /* City.m */ = {isa = PBXFileReference; fileEncoding = 4; lastKnownFileType = sourcecode.c.objc; path = City.m; sourceTree = "<group>"; };
		B0F5F0B11DD3D2410092F0AD /* CityViewController.h */ = {isa = PBXFileReference; fileEncoding = 4; lastKnownFileType = sourcecode.c.h; path = CityViewController.h; sourceTree = "<group>"; };
		B0F5F0B21DD3D2410092F0AD /* CityViewController.m */ = {isa = PBXFileReference; fileEncoding = 4; lastKnownFileType = sourcecode.c.objc; path = CityViewController.m; sourceTree = "<group>"; };
		B0F5F0B41DD3ECE30092F0AD /* DescriptionLabel.h */ = {isa = PBXFileReference; fileEncoding = 4; lastKnownFileType = sourcecode.c.h; path = DescriptionLabel.h; sourceTree = "<group>"; };
		B0F5F0B51DD3ECE30092F0AD /* DescriptionLabel.m */ = {isa = PBXFileReference; fileEncoding = 4; lastKnownFileType = sourcecode.c.objc; path = DescriptionLabel.m; sourceTree = "<group>"; };
/* End PBXFileReference section */

/* Begin PBXFrameworksBuildPhase section */
		B0F5F0411DD3B26E0092F0AD /* Frameworks */ = {
			isa = PBXFrameworksBuildPhase;
			buildActionMask = 2147483647;
			files = (
			);
			runOnlyForDeploymentPostprocessing = 0;
		};
/* End PBXFrameworksBuildPhase section */

/* Begin PBXGroup section */
		B0F5F03B1DD3B26E0092F0AD = {
			isa = PBXGroup;
			children = (
				B0F5F0461DD3B26E0092F0AD /* WeatherApp */,
				B0F5F0451DD3B26E0092F0AD /* Products */,
			);
			sourceTree = "<group>";
		};
		B0F5F0451DD3B26E0092F0AD /* Products */ = {
			isa = PBXGroup;
			children = (
				B0F5F0441DD3B26E0092F0AD /* WeatherApp.app */,
			);
			name = Products;
			sourceTree = "<group>";
		};
		B0F5F0461DD3B26E0092F0AD /* WeatherApp */ = {
			isa = PBXGroup;
			children = (
				B0F5F0611DD3B5100092F0AD /* UI */,
				B0F5F0601DD3B4FB0092F0AD /* Objects */,
				B0F5F05F1DD3B4ED0092F0AD /* Controllers */,
				B0F5F05E1DD3B4D60092F0AD /* Views */,
				B0F5F0531DD3B26E0092F0AD /* Assets.xcassets */,
				B0F5F0581DD3B26E0092F0AD /* Info.plist */,
				B0F5F0471DD3B26E0092F0AD /* Supporting Files */,
			);
			path = WeatherApp;
			sourceTree = "<group>";
		};
		B0F5F0471DD3B26E0092F0AD /* Supporting Files */ = {
			isa = PBXGroup;
			children = (
				B0F5F0481DD3B26E0092F0AD /* main.m */,
			);
			name = "Supporting Files";
			sourceTree = "<group>";
		};
		B0F5F05E1DD3B4D60092F0AD /* Views */ = {
			isa = PBXGroup;
			children = (
				B0F5F0B41DD3ECE30092F0AD /* DescriptionLabel.h */,
				B0F5F0B51DD3ECE30092F0AD /* DescriptionLabel.m */,
			);
			name = Views;
			sourceTree = "<group>";
		};
		B0F5F05F1DD3B4ED0092F0AD /* Controllers */ = {
			isa = PBXGroup;
			children = (
				B0F5F0B11DD3D2410092F0AD /* CityViewController.h */,
				B0F5F0B21DD3D2410092F0AD /* CityViewController.m */,
				B0F5F04D1DD3B26E0092F0AD /* ViewController.h */,
				B0F5F04E1DD3B26E0092F0AD /* ViewController.m */,
			);
			name = Controllers;
			sourceTree = "<group>";
		};
		B0F5F0601DD3B4FB0092F0AD /* Objects */ = {
			isa = PBXGroup;
			children = (
				B0F5F04A1DD3B26E0092F0AD /* AppDelegate.h */,
				B0F5F04B1DD3B26E0092F0AD /* AppDelegate.m */,
				B0F5F0621DD3B5FA0092F0AD /* City.h */,
				B0F5F0631DD3B5FA0092F0AD /* City.m */,
			);
			name = Objects;
			sourceTree = "<group>";
		};
		B0F5F0611DD3B5100092F0AD /* UI */ = {
			isa = PBXGroup;
			children = (
				B0F5F0501DD3B26E0092F0AD /* Main.storyboard */,
				B0F5F0551DD3B26E0092F0AD /* LaunchScreen.storyboard */,
			);
			name = UI;
			sourceTree = "<group>";
		};
/* End PBXGroup section */

/* Begin PBXNativeTarget section */
		B0F5F0431DD3B26E0092F0AD /* WeatherApp */ = {
			isa = PBXNativeTarget;
			buildConfigurationList = B0F5F05B1DD3B26E0092F0AD /* Build configuration list for PBXNativeTarget "WeatherApp" */;
			buildPhases = (
				B0F5F0401DD3B26E0092F0AD /* Sources */,
				B0F5F0411DD3B26E0092F0AD /* Frameworks */,
				B0F5F0421DD3B26E0092F0AD /* Resources */,
			);
			buildRules = (
			);
			dependencies = (
			);
			name = WeatherApp;
			productName = WeatherApp;
			productReference = B0F5F0441DD3B26E0092F0AD /* WeatherApp.app */;
			productType = "com.apple.product-type.application";
		};
/* End PBXNativeTarget section */

/* Begin PBXProject section */
		B0F5F03C1DD3B26E0092F0AD /* Project object */ = {
			isa = PBXProject;
			attributes = {
				LastUpgradeCheck = 0800;
				ORGANIZATIONNAME = "Tim Beals";
				TargetAttributes = {
					B0F5F0431DD3B26E0092F0AD = {
						CreatedOnToolsVersion = 8.0;
						ProvisioningStyle = Automatic;
					};
				};
			};
			buildConfigurationList = B0F5F03F1DD3B26E0092F0AD /* Build configuration list for PBXProject "WeatherApp" */;
			compatibilityVersion = "Xcode 3.2";
			developmentRegion = English;
			hasScannedForEncodings = 0;
			knownRegions = (
				en,
				Base,
			);
			mainGroup = B0F5F03B1DD3B26E0092F0AD;
			productRefGroup = B0F5F0451DD3B26E0092F0AD /* Products */;
			projectDirPath = "";
			projectRoot = "";
			targets = (
				B0F5F0431DD3B26E0092F0AD /* WeatherApp */,
			);
		};
/* End PBXProject section */

/* Begin PBXResourcesBuildPhase section */
		B0F5F0421DD3B26E0092F0AD /* Resources */ = {
			isa = PBXResourcesBuildPhase;
			buildActionMask = 2147483647;
			files = (
				B0F5F0571DD3B26E0092F0AD /* LaunchScreen.storyboard in Resources */,
				B0F5F0541DD3B26E0092F0AD /* Assets.xcassets in Resources */,
				B0F5F0521DD3B26E0092F0AD /* Main.storyboard in Resources */,
			);
			runOnlyForDeploymentPostprocessing = 0;
		};
/* End PBXResourcesBuildPhase section */

/* Begin PBXSourcesBuildPhase section */
		B0F5F0401DD3B26E0092F0AD /* Sources */ = {
			isa = PBXSourcesBuildPhase;
			buildActionMask = 2147483647;
			files = (
				B0F5F04F1DD3B26E0092F0AD /* ViewController.m in Sources */,
				B0F5F04C1DD3B26E0092F0AD /* AppDelegate.m in Sources */,
				B0F5F0B31DD3D2410092F0AD /* CityViewController.m in Sources */,
				B0F5F0641DD3B5FA0092F0AD /* City.m in Sources */,
				B0F5F0491DD3B26E0092F0AD /* main.m in Sources */,
				B0F5F0B61DD3ECE30092F0AD /* DescriptionLabel.m in Sources */,
			);
			runOnlyForDeploymentPostprocessing = 0;
		};
/* End PBXSourcesBuildPhase section */

/* Begin PBXVariantGroup section */
		B0F5F0501DD3B26E0092F0AD /* Main.storyboard */ = {
			isa = PBXVariantGroup;
			children = (
				B0F5F0511DD3B26E0092F0AD /* Base */,
			);
			name = Main.storyboard;
			sourceTree = "<group>";
		};
		B0F5F0551DD3B26E0092F0AD /* LaunchScreen.storyboard */ = {
			isa = PBXVariantGroup;
			children = (
				B0F5F0561DD3B26E0092F0AD /* Base */,
			);
			name = LaunchScreen.storyboard;
			sourceTree = "<group>";
		};
/* End PBXVariantGroup section */

/* Begin XCBuildConfiguration section */
		B0F5F0591DD3B26E0092F0AD /* Debug */ = {
			isa = XCBuildConfiguration;
			buildSettings = {
				ALWAYS_SEARCH_USER_PATHS = NO;
				CLANG_ANALYZER_NONNULL = YES;
				CLANG_CXX_LANGUAGE_STANDARD = "gnu++0x";
				CLANG_CXX_LIBRARY = "libc++";
				CLANG_ENABLE_MODULES = YES;
				CLANG_ENABLE_OBJC_ARC = YES;
				CLANG_WARN_BOOL_CONVERSION = YES;
				CLANG_WARN_CONSTANT_CONVERSION = YES;
				CLANG_WARN_DIRECT_OBJC_ISA_USAGE = YES_ERROR;
				CLANG_WARN_DOCUMENTATION_COMMENTS = YES;
				CLANG_WARN_EMPTY_BODY = YES;
				CLANG_WARN_ENUM_CONVERSION = YES;
				CLANG_WARN_INFINITE_RECURSION = YES;
				CLANG_WARN_INT_CONVERSION = YES;
				CLANG_WARN_OBJC_ROOT_CLASS = YES_ERROR;
				CLANG_WARN_SUSPICIOUS_MOVES = YES;
				CLANG_WARN_UNREACHABLE_CODE = YES;
				CLANG_WARN__DUPLICATE_METHOD_MATCH = YES;
				"CODE_SIGN_IDENTITY[sdk=iphoneos*]" = "iPhone Developer";
				COPY_PHASE_STRIP = NO;
				DEBUG_INFORMATION_FORMAT = dwarf;
				ENABLE_STRICT_OBJC_MSGSEND = YES;
				ENABLE_TESTABILITY = YES;
				GCC_C_LANGUAGE_STANDARD = gnu99;
				GCC_DYNAMIC_NO_PIC = NO;
				GCC_NO_COMMON_BLOCKS = YES;
				GCC_OPTIMIZATION_LEVEL = 0;
				GCC_PREPROCESSOR_DEFINITIONS = (
					"DEBUG=1",
					"$(inherited)",
				);
				GCC_WARN_64_TO_32_BIT_CONVERSION = YES;
				GCC_WARN_ABOUT_RETURN_TYPE = YES_ERROR;
				GCC_WARN_UNDECLARED_SELECTOR = YES;
				GCC_WARN_UNINITIALIZED_AUTOS = YES_AGGRESSIVE;
				GCC_WARN_UNUSED_FUNCTION = YES;
				GCC_WARN_UNUSED_VARIABLE = YES;
				IPHONEOS_DEPLOYMENT_TARGET = 10.0;
				MTL_ENABLE_DEBUG_INFO = YES;
				ONLY_ACTIVE_ARCH = YES;
				SDKROOT = iphoneos;
				TARGETED_DEVICE_FAMILY = "1,2";
			};
			name = Debug;
		};
		B0F5F05A1DD3B26E0092F0AD /* Release */ = {
			isa = XCBuildConfiguration;
			buildSettings = {
				ALWAYS_SEARCH_USER_PATHS = NO;
				CLANG_ANALYZER_NONNULL = YES;
				CLANG_CXX_LANGUAGE_STANDARD = "gnu++0x";
				CLANG_CXX_LIBRARY = "libc++";
				CLANG_ENABLE_MODULES = YES;
				CLANG_ENABLE_OBJC_ARC = YES;
				CLANG_WARN_BOOL_CONVERSION = YES;
				CLANG_WARN_CONSTANT_CONVERSION = YES;
				CLANG_WARN_DIRECT_OBJC_ISA_USAGE = YES_ERROR;
				CLANG_WARN_DOCUMENTATION_COMMENTS = YES;
				CLANG_WARN_EMPTY_BODY = YES;
				CLANG_WARN_ENUM_CONVERSION = YES;
				CLANG_WARN_INFINITE_RECURSION = YES;
				CLANG_WARN_INT_CONVERSION = YES;
				CLANG_WARN_OBJC_ROOT_CLASS = YES_ERROR;
				CLANG_WARN_SUSPICIOUS_MOVES = YES;
				CLANG_WARN_UNREACHABLE_CODE = YES;
				CLANG_WARN__DUPLICATE_METHOD_MATCH = YES;
				"CODE_SIGN_IDENTITY[sdk=iphoneos*]" = "iPhone Developer";
				COPY_PHASE_STRIP = NO;
				DEBUG_INFORMATION_FORMAT = "dwarf-with-dsym";
				ENABLE_NS_ASSERTIONS = NO;
				ENABLE_STRICT_OBJC_MSGSEND = YES;
				GCC_C_LANGUAGE_STANDARD = gnu99;
				GCC_NO_COMMON_BLOCKS = YES;
				GCC_WARN_64_TO_32_BIT_CONVERSION = YES;
				GCC_WARN_ABOUT_RETURN_TYPE = YES_ERROR;
				GCC_WARN_UNDECLARED_SELECTOR = YES;
				GCC_WARN_UNINITIALIZED_AUTOS = YES_AGGRESSIVE;
				GCC_WARN_UNUSED_FUNCTION = YES;
				GCC_WARN_UNUSED_VARIABLE = YES;
				IPHONEOS_DEPLOYMENT_TARGET = 10.0;
				MTL_ENABLE_DEBUG_INFO = NO;
				SDKROOT = iphoneos;
				TARGETED_DEVICE_FAMILY = "1,2";
				VALIDATE_PRODUCT = YES;
			};
			name = Release;
		};
		B0F5F05C1DD3B26E0092F0AD /* Debug */ = {
			isa = XCBuildConfiguration;
			buildSettings = {
				ASSETCATALOG_COMPILER_APPICON_NAME = AppIcon;
				INFOPLIST_FILE = WeatherApp/Info.plist;
				LD_RUNPATH_SEARCH_PATHS = "$(inherited) @executable_path/Frameworks";
				PRODUCT_BUNDLE_IDENTIFIER = com.timbeals.WeatherApp;
				PRODUCT_NAME = "$(TARGET_NAME)";
			};
			name = Debug;
		};
		B0F5F05D1DD3B26E0092F0AD /* Release */ = {
			isa = XCBuildConfiguration;
			buildSettings = {
				ASSETCATALOG_COMPILER_APPICON_NAME = AppIcon;
				INFOPLIST_FILE = WeatherApp/Info.plist;
				LD_RUNPATH_SEARCH_PATHS = "$(inherited) @executable_path/Frameworks";
				PRODUCT_BUNDLE_IDENTIFIER = com.timbeals.WeatherApp;
				PRODUCT_NAME = "$(TARGET_NAME)";
			};
			name = Release;
		};
/* End XCBuildConfiguration section */

/* Begin XCConfigurationList section */
		B0F5F03F1DD3B26E0092F0AD /* Build configuration list for PBXProject "WeatherApp" */ = {
			isa = XCConfigurationList;
			buildConfigurations = (
				B0F5F0591DD3B26E0092F0AD /* Debug */,
				B0F5F05A1DD3B26E0092F0AD /* Release */,
			);
			defaultConfigurationIsVisible = 0;
			defaultConfigurationName = Release;
		};
		B0F5F05B1DD3B26E0092F0AD /* Build configuration list for PBXNativeTarget "WeatherApp" */ = {
			isa = XCConfigurationList;
			buildConfigurations = (
				B0F5F05C1DD3B26E0092F0AD /* Debug */,
				B0F5F05D1DD3B26E0092F0AD /* Release */,
			);
			defaultConfigurationIsVisible = 0;
		};
/* End XCConfigurationList section */
	};
	rootObject = B0F5F03C1DD3B26E0092F0AD /* Project object */;
}
